
Microsoft Visual Studio Solution File, Format Version 12.00
# Visual Studio Version 17
VisualStudioVersion = 17.14.36511.14
MinimumVisualStudioVersion = 10.0.40219.1
Project("{FAE04EC0-301F-11D3-BF4B-00C04F79EFBC}") = "Abstracciones", "Abstracciones\Abstracciones.csproj", "{D9B0298A-3711-4878-9C08-500D59406591}"
EndProject
Project("{FAE04EC0-301F-11D3-BF4B-00C04F79EFBC}") = "API", "API\API.csproj", "{633BE23F-4E57-4B86-90BA-C2184F61AF9E}"
EndProject
Global
	GlobalSection(SolutionConfigurationPlatforms) = preSolution
		Debug|Any CPU = Debug|Any CPU
		Release|Any CPU = Release|Any CPU
	EndGlobalSection
	GlobalSection(ProjectConfigurationPlatforms) = postSolution
		{D9B0298A-3711-4878-9C08-500D59406591}.Debug|Any CPU.ActiveCfg = Debug|Any CPU
		{D9B0298A-3711-4878-9C08-500D59406591}.Debug|Any CPU.Build.0 = Debug|Any CPU
		{D9B0298A-3711-4878-9C08-500D59406591}.Release|Any CPU.ActiveCfg = Release|Any CPU
		{D9B0298A-3711-4878-9C08-500D59406591}.Release|Any CPU.Build.0 = Release|Any CPU
		{633BE23F-4E57-4B86-90BA-C2184F61AF9E}.Debug|Any CPU.ActiveCfg = Debug|Any CPU
		{633BE23F-4E57-4B86-90BA-C2184F61AF9E}.Debug|Any CPU.Build.0 = Debug|Any CPU
		{633BE23F-4E57-4B86-90BA-C2184F61AF9E}.Release|Any CPU.ActiveCfg = Release|Any CPU
		{633BE23F-4E57-4B86-90BA-C2184F61AF9E}.Release|Any CPU.Build.0 = Release|Any CPU
	EndGlobalSection
	GlobalSection(SolutionProperties) = preSolution
		HideSolutionNode = FALSE
	EndGlobalSection
	GlobalSection(ExtensibilityGlobals) = postSolution
		SolutionGuid = {7D1AAD9E-D7F5-455C-B184-9121D8D4E5BA}
	EndGlobalSection
EndGlobal
